# This file was autogenerated by Stack.
# You should not edit this file by hand.
# For more information, please see the documentation at:
#   https://docs.haskellstack.org/en/stable/lock_files

packages:
- completed:
    hackage: unagi-chan-0.4.1.0@sha256:818559a286f2041135a92d504e5d6c55a3edf70e080a6d413912e0f1b705b82a,8893
    pantry-tree:
      size: 2286
      sha256: 33e708a19c0d2a70923583924add3b1f71df61d3acdfabccc9511f2d3226bf5a
  original:
    hackage: unagi-chan-0.4.1.0
snapshots:
- completed:
    size: 523884
    url: https://raw.githubusercontent.com/commercialhaskell/stackage-snapshots/master/lts/14/4.yaml
    sha256: 16f24be248b42c9e16d59db84378836b1e7c239448a041cae46d32daffa45a8b
  original: lts-14.4
